// !$*UTF8*$!
{
	archiveVersion = 1;
	classes = {
	};
	objectVersion = 50;
	objects = {

/* Begin PBXBuildFile section */
		DC16DEE824FE988C00A40202 /* AppDelegate.swift in Sources */ = {isa = PBXBuildFile; fileRef = DC16DEE724FE988C00A40202 /* AppDelegate.swift */; };
		DC16DEEA24FE988C00A40202 /* SceneDelegate.swift in Sources */ = {isa = PBXBuildFile; fileRef = DC16DEE924FE988C00A40202 /* SceneDelegate.swift */; };
		DC16DEEC24FE988C00A40202 /* ViewController.swift in Sources */ = {isa = PBXBuildFile; fileRef = DC16DEEB24FE988C00A40202 /* ViewController.swift */; };
		DC16DEEF24FE988F00A40202 /* Main.storyboard in Resources */ = {isa = PBXBuildFile; fileRef = DC16DEED24FE988F00A40202 /* Main.storyboard */; };
		DC16DEF124FE997B00A40202 /* Assets.xcassets in Resources */ = {isa = PBXBuildFile; fileRef = DC16DEF024FE997B00A40202 /* Assets.xcassets */; };
		DC16DEF424FE997B00A40202 /* LaunchScreen.storyboard in Resources */ = {isa = PBXBuildFile; fileRef = DC16DEF224FE997B00A40202 /* LaunchScreen.storyboard */; };
		DC16DEFF24FE997F00A40202 /* tipTests.swift in Sources */ = {isa = PBXBuildFile; fileRef = DC16DEFE24FE997F00A40202 /* tipTests.swift */; };
		DC16DF0A24FE997F00A40202 /* tipUITests.swift in Sources */ = {isa = PBXBuildFile; fileRef = DC16DF0924FE997F00A40202 /* tipUITests.swift */; };
/* End PBXBuildFile section */

/* Begin PBXContainerItemProxy section */
		DC16DEFB24FE997F00A40202 /* PBXContainerItemProxy */ = {
			isa = PBXContainerItemProxy;
			containerPortal = DC16DEDC24FE988400A40202 /* Project object */;
			proxyType = 1;
			remoteGlobalIDString = DC16DEE324FE988600A40202;
			remoteInfo = tip;
		};
		DC16DF0624FE997F00A40202 /* PBXContainerItemProxy */ = {
			isa = PBXContainerItemProxy;
			containerPortal = DC16DEDC24FE988400A40202 /* Project object */;
			proxyType = 1;
			remoteGlobalIDString = DC16DEE324FE988600A40202;
			remoteInfo = tip;
		};
/* End PBXContainerItemProxy section */

/* Begin PBXFileReference section */
		DC16DEE424FE988A00A40202 /* tip.app */ = {isa = PBXFileReference; explicitFileType = wrapper.application; includeInIndex = 0; path = tip.app; sourceTree = BUILT_PRODUCTS_DIR; };
		DC16DEE724FE988C00A40202 /* AppDelegate.swift */ = {isa = PBXFileReference; lastKnownFileType = sourcecode.swift; path = AppDelegate.swift; sourceTree = "<group>"; };
		DC16DEE924FE988C00A40202 /* SceneDelegate.swift */ = {isa = PBXFileReference; lastKnownFileType = sourcecode.swift; path = SceneDelegate.swift; sourceTree = "<group>"; };
		DC16DEEB24FE988C00A40202 /* ViewController.swift */ = {isa = PBXFileReference; lastKnownFileType = sourcecode.swift; path = ViewController.swift; sourceTree = "<group>"; };
		DC16DEEE24FE988F00A40202 /* Base */ = {isa = PBXFileReference; lastKnownFileType = file.storyboard; name = Base; path = Base.lproj/Main.storyboard; sourceTree = "<group>"; };
		DC16DEF024FE997B00A40202 /* Assets.xcassets */ = {isa = PBXFileReference; lastKnownFileType = folder.assetcatalog; path = Assets.xcassets; sourceTree = "<group>"; };
		DC16DEF324FE997B00A40202 /* Base */ = {isa = PBXFileReference; lastKnownFileType = file.storyboard; name = Base; path = Base.lproj/LaunchScreen.storyboard; sourceTree = "<group>"; };
		DC16DEF524FE997B00A40202 /* Info.plist */ = {isa = PBXFileReference; lastKnownFileType = text.plist.xml; path = Info.plist; sourceTree = "<group>"; };
		DC16DEFA24FE997F00A40202 /* tipTests.xctest */ = {isa = PBXFileReference; explicitFileType = wrapper.cfbundle; includeInIndex = 0; path = tipTests.xctest; sourceTree = BUILT_PRODUCTS_DIR; };
		DC16DEFE24FE997F00A40202 /* tipTests.swift */ = {isa = PBXFileReference; lastKnownFileType = sourcecode.swift; path = tipTests.swift; sourceTree = "<group>"; };
		DC16DF0024FE997F00A40202 /* Info.plist */ = {isa = PBXFileReference; lastKnownFileType = text.plist.xml; path = Info.plist; sourceTree = "<group>"; };
		DC16DF0524FE997F00A40202 /* tipUITests.xctest */ = {isa = PBXFileReference; explicitFileType = wrapper.cfbundle; includeInIndex = 0; path = tipUITests.xctest; sourceTree = BUILT_PRODUCTS_DIR; };
		DC16DF0924FE997F00A40202 /* tipUITests.swift */ = {isa = PBXFileReference; lastKnownFileType = sourcecode.swift; path = tipUITests.swift; sourceTree = "<group>"; };
		DC16DF0B24FE997F00A40202 /* Info.plist */ = {isa = PBXFileReference; lastKnownFileType = text.plist.xml; path = Info.plist; sourceTree = "<group>"; };
/* End PBXFileReference section */

/* Begin PBXFrameworksBuildPhase section */
		DC16DEE124FE988600A40202 /* Frameworks */ = {
			isa = PBXFrameworksBuildPhase;
			buildActionMask = 2147483647;
			files = (
			);
			runOnlyForDeploymentPostprocessing = 0;
		};
		DC16DEF724FE997F00A40202 /* Frameworks */ = {
			isa = PBXFrameworksBuildPhase;
			buildActionMask = 2147483647;
			files = (
			);
			runOnlyForDeploymentPostprocessing = 0;
		};
		DC16DF0224FE997F00A40202 /* Frameworks */ = {
			isa = PBXFrameworksBuildPhase;
			buildActionMask = 2147483647;
			files = (
			);
			runOnlyForDeploymentPostprocessing = 0;
		};
/* End PBXFrameworksBuildPhase section */

/* Begin PBXGroup section */
		DC16DEDB24FE988300A40202 = {
			isa = PBXGroup;
			children = (
				DC16DEE624FE988B00A40202 /* tip */,
				DC16DEFD24FE997F00A40202 /* tipTests */,
				DC16DF0824FE997F00A40202 /* tipUITests */,
				DC16DEE524FE988A00A40202 /* Products */,
			);
			sourceTree = "<group>";
		};
		DC16DEE524FE988A00A40202 /* Products */ = {
			isa = PBXGroup;
			children = (
				DC16DEE424FE988A00A40202 /* tip.app */,
				DC16DEFA24FE997F00A40202 /* tipTests.xctest */,
				DC16DF0524FE997F00A40202 /* tipUITests.xctest */,
			);
			name = Products;
			sourceTree = "<group>";
		};
		DC16DEE624FE988B00A40202 /* tip */ = {
			isa = PBXGroup;
			children = (
				DC16DEE724FE988C00A40202 /* AppDelegate.swift */,
				DC16DEE924FE988C00A40202 /* SceneDelegate.swift */,
				DC16DEEB24FE988C00A40202 /* ViewController.swift */,
				DC16DEED24FE988F00A40202 /* Main.storyboard */,
				DC16DEF024FE997B00A40202 /* Assets.xcassets */,
				DC16DEF224FE997B00A40202 /* LaunchScreen.storyboard */,
				DC16DEF524FE997B00A40202 /* Info.plist */,
			);
			path = tip;
			sourceTree = "<group>";
		};
		DC16DEFD24FE997F00A40202 /* tipTests */ = {
			isa = PBXGroup;
			children = (
				DC16DEFE24FE997F00A40202 /* tipTests.swift */,
				DC16DF0024FE997F00A40202 /* Info.plist */,
			);
			path = tipTests;
			sourceTree = "<group>";
		};
		DC16DF0824FE997F00A40202 /* tipUITests */ = {
			isa = PBXGroup;
			children = (
				DC16DF0924FE997F00A40202 /* tipUITests.swift */,
				DC16DF0B24FE997F00A40202 /* Info.plist */,
			);
			path = tipUITests;
			sourceTree = "<group>";
		};
/* End PBXGroup section */

/* Begin PBXNativeTarget section */
		DC16DEE324FE988600A40202 /* tip */ = {
			isa = PBXNativeTarget;
			buildConfigurationList = DC16DF0E24FE998000A40202 /* Build configuration list for PBXNativeTarget "tip" */;
			buildPhases = (
				DC16DEE024FE988600A40202 /* Sources */,
				DC16DEE124FE988600A40202 /* Frameworks */,
				DC16DEE224FE988600A40202 /* Resources */,
			);
			buildRules = (
			);
			dependencies = (
			);
			name = tip;
			productName = tip;
			productReference = DC16DEE424FE988A00A40202 /* tip.app */;
			productType = "com.apple.product-type.application";
		};
		DC16DEF924FE997F00A40202 /* tipTests */ = {
			isa = PBXNativeTarget;
			buildConfigurationList = DC16DF1124FE998000A40202 /* Build configuration list for PBXNativeTarget "tipTests" */;
			buildPhases = (
				DC16DEF624FE997F00A40202 /* Sources */,
				DC16DEF724FE997F00A40202 /* Frameworks */,
				DC16DEF824FE997F00A40202 /* Resources */,
			);
			buildRules = (
			);
			dependencies = (
				DC16DEFC24FE997F00A40202 /* PBXTargetDependency */,
			);
			name = tipTests;
			productName = tipTests;
			productReference = DC16DEFA24FE997F00A40202 /* tipTests.xctest */;
			productType = "com.apple.product-type.bundle.unit-test";
		};
		DC16DF0424FE997F00A40202 /* tipUITests */ = {
			isa = PBXNativeTarget;
			buildConfigurationList = DC16DF1424FE998000A40202 /* Build configuration list for PBXNativeTarget "tipUITests" */;
			buildPhases = (
				DC16DF0124FE997F00A40202 /* Sources */,
				DC16DF0224FE997F00A40202 /* Frameworks */,
				DC16DF0324FE997F00A40202 /* Resources */,
			);
			buildRules = (
			);
			dependencies = (
				DC16DF0724FE997F00A40202 /* PBXTargetDependency */,
			);
			name = tipUITests;
			productName = tipUITests;
			productReference = DC16DF0524FE997F00A40202 /* tipUITests.xctest */;
			productType = "com.apple.product-type.bundle.ui-testing";
		};
/* End PBXNativeTarget section */

/* Begin PBXProject section */
		DC16DEDC24FE988400A40202 /* Project object */ = {
			isa = PBXProject;
			attributes = {
				LastSwiftUpdateCheck = 1160;
				LastUpgradeCheck = 1160;
				ORGANIZATIONNAME = Codepath;
				TargetAttributes = {
					DC16DEE324FE988600A40202 = {
						CreatedOnToolsVersion = 11.6;
					};
					DC16DEF924FE997F00A40202 = {
						CreatedOnToolsVersion = 11.6;
						TestTargetID = DC16DEE324FE988600A40202;
					};
					DC16DF0424FE997F00A40202 = {
						CreatedOnToolsVersion = 11.6;
						TestTargetID = DC16DEE324FE988600A40202;
					};
				};
			};
			buildConfigurationList = DC16DEDF24FE988400A40202 /* Build configuration list for PBXProject "tip" */;
			compatibilityVersion = "Xcode 9.3";
			developmentRegion = en;
			hasScannedForEncodings = 0;
			knownRegions = (
				en,
				Base,
			);
			mainGroup = DC16DEDB24FE988300A40202;
			productRefGroup = DC16DEE524FE988A00A40202 /* Products */;
			projectDirPath = "";
			projectRoot = "";
			targets = (
				DC16DEE324FE988600A40202 /* tip */,
				DC16DEF924FE997F00A40202 /* tipTests */,
				DC16DF0424FE997F00A40202 /* tipUITests */,
			);
		};
/* End PBXProject section */

/* Begin PBXResourcesBuildPhase section */
		DC16DEE224FE988600A40202 /* Resources */ = {
			isa = PBXResourcesBuildPhase;
			buildActionMask = 2147483647;
			files = (
				DC16DEF424FE997B00A40202 /* LaunchScreen.storyboard in Resources */,
				DC16DEF124FE997B00A40202 /* Assets.xcassets in Resources */,
				DC16DEEF24FE988F00A40202 /* Main.storyboard in Resources */,
			);
			runOnlyForDeploymentPostprocessing = 0;
		};
		DC16DEF824FE997F00A40202 /* Resources */ = {
			isa = PBXResourcesBuildPhase;
			buildActionMask = 2147483647;
			files = (
			);
			runOnlyForDeploymentPostprocessing = 0;
		};
		DC16DF0324FE997F00A40202 /* Resources */ = {
			isa = PBXResourcesBuildPhase;
			buildActionMask = 2147483647;
			files = (
			);
			runOnlyForDeploymentPostprocessing = 0;
		};
/* End PBXResourcesBuildPhase section */

/* Begin PBXSourcesBuildPhase section */
		DC16DEE024FE988600A40202 /* Sources */ = {
			isa = PBXSourcesBuildPhase;
			buildActionMask = 2147483647;
			files = (
				DC16DEEC24FE988C00A40202 /* ViewController.swift in Sources */,
				DC16DEE824FE988C00A40202 /* AppDelegate.swift in Sources */,
				DC16DEEA24FE988C00A40202 /* SceneDelegate.swift in Sources */,
			);
			runOnlyForDeploymentPostprocessing = 0;
		};
		DC16DEF624FE997F00A40202 /* Sources */ = {
			isa = PBXSourcesBuildPhase;
			buildActionMask = 2147483647;
			files = (
				DC16DEFF24FE997F00A40202 /* tipTests.swift in Sources */,
			);
			runOnlyForDeploymentPostprocessing = 0;
		};
		DC16DF0124FE997F00A40202 /* Sources */ = {
			isa = PBXSourcesBuildPhase;
			buildActionMask = 2147483647;
			files = (
				DC16DF0A24FE997F00A40202 /* tipUITests.swift in Sources */,
			);
			runOnlyForDeploymentPostprocessing = 0;
		};
/* End PBXSourcesBuildPhase section */

/* Begin PBXTargetDependency section */
		DC16DEFC24FE997F00A40202 /* PBXTargetDependency */ = {
			isa = PBXTargetDependency;
			target = DC16DEE324FE988600A40202 /* tip */;
			targetProxy = DC16DEFB24FE997F00A40202 /* PBXContainerItemProxy */;
		};
		DC16DF0724FE997F00A40202 /* PBXTargetDependency */ = {
			isa = PBXTargetDependency;
			target = DC16DEE324FE988600A40202 /* tip */;
			targetProxy = DC16DF0624FE997F00A40202 /* PBXContainerItemProxy */;
		};
/* End PBXTargetDependency section */

/* Begin PBXVariantGroup section */
		DC16DEED24FE988F00A40202 /* Main.storyboard */ = {
			isa = PBXVariantGroup;
			children = (
				DC16DEEE24FE988F00A40202 /* Base */,
			);
			name = Main.storyboard;
			sourceTree = "<group>";
		};
		DC16DEF224FE997B00A40202 /* LaunchScreen.storyboard */ = {
			isa = PBXVariantGroup;
			children = (
				DC16DEF324FE997B00A40202 /* Base */,
			);
			name = LaunchScreen.storyboard;
			sourceTree = "<group>";
		};
/* End PBXVariantGroup section */

/* Begin XCBuildConfiguration section */
		DC16DF0C24FE998000A40202 /* Debug */ = {
			isa = XCBuildConfiguration;
			buildSettings = {
				ALWAYS_SEARCH_USER_PATHS = NO;
				CLANG_ANALYZER_NONNULL = YES;
				CLANG_ANALYZER_NUMBER_OBJECT_CONVERSION = YES_AGGRESSIVE;
				CLANG_CXX_LANGUAGE_STANDARD = "gnu++14";
				CLANG_CXX_LIBRARY = "libc++";
				CLANG_ENABLE_MODULES = YES;
				CLANG_ENABLE_OBJC_ARC = YES;
				CLANG_ENABLE_OBJC_WEAK = YES;
				CLANG_WARN_BLOCK_CAPTURE_AUTORELEASING = YES;
				CLANG_WARN_BOOL_CONVERSION = YES;
				CLANG_WARN_COMMA = YES;
				CLANG_WARN_CONSTANT_CONVERSION = YES;
				CLANG_WARN_DEPRECATED_OBJC_IMPLEMENTATIONS = YES;
				CLANG_WARN_DIRECT_OBJC_ISA_USAGE = YES_ERROR;
				CLANG_WARN_DOCUMENTATION_COMMENTS = YES;
				CLANG_WARN_EMPTY_BODY = YES;
				CLANG_WARN_ENUM_CONVERSION = YES;
				CLANG_WARN_INFINITE_RECURSION = YES;
				CLANG_WARN_INT_CONVERSION = YES;
				CLANG_WARN_NON_LITERAL_NULL_CONVERSION = YES;
				CLANG_WARN_OBJC_IMPLICIT_RETAIN_SELF = YES;
				CLANG_WARN_OBJC_LITERAL_CONVERSION = YES;
				CLANG_WARN_OBJC_ROOT_CLASS = YES_ERROR;
				CLANG_WARN_RANGE_LOOP_ANALYSIS = YES;
				CLANG_WARN_STRICT_PROTOTYPES = YES;
				CLANG_WARN_SUSPICIOUS_MOVE = YES;
				CLANG_WARN_UNGUARDED_AVAILABILITY = YES_AGGRESSIVE;
				CLANG_WARN_UNREACHABLE_CODE = YES;
				CLANG_WARN__DUPLICATE_METHOD_MATCH = YES;
				COPY_PHASE_STRIP = NO;
				DEBUG_INFORMATION_FORMAT = dwarf;
				ENABLE_STRICT_OBJC_MSGSEND = YES;
				ENABLE_TESTABILITY = YES;
				GCC_C_LANGUAGE_STANDARD = gnu11;
				GCC_DYNAMIC_NO_PIC = NO;
				GCC_NO_COMMON_BLOCKS = YES;
				GCC_OPTIMIZATION_LEVEL = 0;
				GCC_PREPROCESSOR_DEFINITIONS = (
					"DEBUG=1",
					"$(inherited)",
				);
				GCC_WARN_64_TO_32_BIT_CONVERSION = YES;
				GCC_WARN_ABOUT_RETURN_TYPE = YES_ERROR;
				GCC_WARN_UNDECLARED_SELECTOR = YES;
				GCC_WARN_UNINITIALIZED_AUTOS = YES_AGGRESSIVE;
				GCC_WARN_UNUSED_FUNCTION = YES;
				GCC_WARN_UNUSED_VARIABLE = YES;
				IPHONEOS_DEPLOYMENT_TARGET = 13.6;
				MTL_ENABLE_DEBUG_INFO = INCLUDE_SOURCE;
				MTL_FAST_MATH = YES;
				ONLY_ACTIVE_ARCH = YES;
				SDKROOT = iphoneos;
				SWIFT_ACTIVE_COMPILATION_CONDITIONS = DEBUG;
				SWIFT_OPTIMIZATION_LEVEL = "-Onone";
			};
			name = Debug;
		};
		DC16DF0D24FE998000A40202 /* Release */ = {
			isa = XCBuildConfiguration;
			buildSettings = {
				ALWAYS_SEARCH_USER_PATHS = NO;
				CLANG_ANALYZER_NONNULL = YES;
				CLANG_ANALYZER_NUMBER_OBJECT_CONVERSION = YES_AGGRESSIVE;
				CLANG_CXX_LANGUAGE_STANDARD = "gnu++14";
				CLANG_CXX_LIBRARY = "libc++";
				CLANG_ENABLE_MODULES = YES;
				CLANG_ENABLE_OBJC_ARC = YES;
				CLANG_ENABLE_OBJC_WEAK = YES;
				CLANG_WARN_BLOCK_CAPTURE_AUTORELEASING = YES;
				CLANG_WARN_BOOL_CONVERSION = YES;
				CLANG_WARN_COMMA = YES;
				CLANG_WARN_CONSTANT_CONVERSION = YES;
				CLANG_WARN_DEPRECATED_OBJC_IMPLEMENTATIONS = YES;
				CLANG_WARN_DIRECT_OBJC_ISA_USAGE = YES_ERROR;
				CLANG_WARN_DOCUMENTATION_COMMENTS = YES;
				CLANG_WARN_EMPTY_BODY = YES;
				CLANG_WARN_ENUM_CONVERSION = YES;
				CLANG_WARN_INFINITE_RECURSION = YES;
				CLANG_WARN_INT_CONVERSION = YES;
				CLANG_WARN_NON_LITERAL_NULL_CONVERSION = YES;
				CLANG_WARN_OBJC_IMPLICIT_RETAIN_SELF = YES;
				CLANG_WARN_OBJC_LITERAL_CONVERSION = YES;
				CLANG_WARN_OBJC_ROOT_CLASS = YES_ERROR;
				CLANG_WARN_RANGE_LOOP_ANALYSIS = YES;
				CLANG_WARN_STRICT_PROTOTYPES = YES;
				CLANG_WARN_SUSPICIOUS_MOVE = YES;
				CLANG_WARN_UNGUARDED_AVAILABILITY = YES_AGGRESSIVE;
				CLANG_WARN_UNREACHABLE_CODE = YES;
				CLANG_WARN__DUPLICATE_METHOD_MATCH = YES;
				COPY_PHASE_STRIP = NO;
				DEBUG_INFORMATION_FORMAT = "dwarf-with-dsym";
				ENABLE_NS_ASSERTIONS = NO;
				ENABLE_STRICT_OBJC_MSGSEND = YES;
				GCC_C_LANGUAGE_STANDARD = gnu11;
				GCC_NO_COMMON_BLOCKS = YES;
				GCC_WARN_64_TO_32_BIT_CONVERSION = YES;
				GCC_WARN_ABOUT_RETURN_TYPE = YES_ERROR;
				GCC_WARN_UNDECLARED_SELECTOR = YES;
				GCC_WARN_UNINITIALIZED_AUTOS = YES_AGGRESSIVE;
				GCC_WARN_UNUSED_FUNCTION = YES;
				GCC_WARN_UNUSED_VARIABLE = YES;
				IPHONEOS_DEPLOYMENT_TARGET = 13.6;
				MTL_ENABLE_DEBUG_INFO = NO;
				MTL_FAST_MATH = YES;
				SDKROOT = iphoneos;
				SWIFT_COMPILATION_MODE = wholemodule;
				SWIFT_OPTIMIZATION_LEVEL = "-O";
				VALIDATE_PRODUCT = YES;
			};
			name = Release;
		};
		DC16DF0F24FE998000A40202 /* Debug */ = {
			isa = XCBuildConfiguration;
			buildSettings = {
				ASSETCATALOG_COMPILER_APPICON_NAME = AppIcon;
				CODE_SIGN_STYLE = Automatic;
				INFOPLIST_FILE = tip/Info.plist;
				LD_RUNPATH_SEARCH_PATHS = (
					"$(inherited)",
					"@executable_path/Frameworks",
				);
				PRODUCT_BUNDLE_IDENTIFIER = Codepath.tip;
				PRODUCT_NAME = "$(TARGET_NAME)";
				SWIFT_VERSION = 5.0;
				TARGETED_DEVICE_FAMILY = "1,2";
			};
			name = Debug;
		};
		DC16DF1024FE998000A40202 /* Release */ = {
			isa = XCBuildConfiguration;
			buildSettings = {
				ASSETCATALOG_COMPILER_APPICON_NAME = AppIcon;
				CODE_SIGN_STYLE = Automatic;
				INFOPLIST_FILE = tip/Info.plist;
				LD_RUNPATH_SEARCH_PATHS = (
					"$(inherited)",
					"@executable_path/Frameworks",
				);
				PRODUCT_BUNDLE_IDENTIFIER = Codepath.tip;
				PRODUCT_NAME = "$(TARGET_NAME)";
				SWIFT_VERSION = 5.0;
				TARGETED_DEVICE_FAMILY = "1,2";
			};
			name = Release;
		};
		DC16DF1224FE998000A40202 /* Debug */ = {
			isa = XCBuildConfiguration;
			buildSettings = {
				ALWAYS_EMBED_SWIFT_STANDARD_LIBRARIES = YES;
				BUNDLE_LOADER = "$(TEST_HOST)";
				CODE_SIGN_STYLE = Automatic;
				INFOPLIST_FILE = tipTests/Info.plist;
				IPHONEOS_DEPLOYMENT_TARGET = 13.6;
				LD_RUNPATH_SEARCH_PATHS = (
					"$(inherited)",
					"@executable_path/Frameworks",
					"@loader_path/Frameworks",
				);
				PRODUCT_BUNDLE_IDENTIFIER = Codepath.tipTests;
				PRODUCT_NAME = "$(TARGET_NAME)";
				SWIFT_VERSION = 5.0;
				TARGETED_DEVICE_FAMILY = "1,2";
				TEST_HOST = "$(BUILT_PRODUCTS_DIR)/tip.app/tip";
			};
			name = Debug;
		};
		DC16DF1324FE998000A40202 /* Release */ = {
			isa = XCBuildConfiguration;
			buildSettings = {
				ALWAYS_EMBED_SWIFT_STANDARD_LIBRARIES = YES;
				BUNDLE_LOADER = "$(TEST_HOST)";
				CODE_SIGN_STYLE = Automatic;
				INFOPLIST_FILE = tipTests/Info.plist;
				IPHONEOS_DEPLOYMENT_TARGET = 13.6;
				LD_RUNPATH_SEARCH_PATHS = (
					"$(inherited)",
					"@executable_path/Frameworks",
					"@loader_path/Frameworks",
				);
				PRODUCT_BUNDLE_IDENTIFIER = Codepath.tipTests;
				PRODUCT_NAME = "$(TARGET_NAME)";
				SWIFT_VERSION = 5.0;
				TARGETED_DEVICE_FAMILY = "1,2";
				TEST_HOST = "$(BUILT_PRODUCTS_DIR)/tip.app/tip";
			};
			name = Release;
		};
		DC16DF1524FE998000A40202 /* Debug */ = {
			isa = XCBuildConfiguration;
			buildSettings = {
				ALWAYS_EMBED_SWIFT_STANDARD_LIBRARIES = YES;
				CODE_SIGN_STYLE = Automatic;
				INFOPLIST_FILE = tipUITests/Info.plist;
				LD_RUNPATH_SEARCH_PATHS = (
					"$(inherited)",
					"@executable_path/Frameworks",
					"@loader_path/Frameworks",
				);
				PRODUCT_BUNDLE_IDENTIFIER = Codepath.tipUITests;
				PRODUCT_NAME = "$(TARGET_NAME)";
				SWIFT_VERSION = 5.0;
				TARGETED_DEVICE_FAMILY = "1,2";
				TEST_TARGET_NAME = tip;
			};
			name = Debug;
		};
		DC16DF1624FE998000A40202 /* Release */ = {
			isa = XCBuildConfiguration;
			buildSettings = {
				ALWAYS_EMBED_SWIFT_STANDARD_LIBRARIES = YES;
				CODE_SIGN_STYLE = Automatic;
				INFOPLIST_FILE = tipUITests/Info.plist;
				LD_RUNPATH_SEARCH_PATHS = (
					"$(inherited)",
					"@executable_path/Frameworks",
					"@loader_path/Frameworks",
				);
				PRODUCT_BUNDLE_IDENTIFIER = Codepath.tipUITests;
				PRODUCT_NAME = "$(TARGET_NAME)";
				SWIFT_VERSION = 5.0;
				TARGETED_DEVICE_FAMILY = "1,2";
				TEST_TARGET_NAME = tip;
			};
			name = Release;
		};
/* End XCBuildConfiguration section */

/* Begin XCConfigurationList section */
		DC16DEDF24FE988400A40202 /* Build configuration list for PBXProject "tip" */ = {
			isa = XCConfigurationList;
			buildConfigurations = (
				DC16DF0C24FE998000A40202 /* Debug */,
				DC16DF0D24FE998000A40202 /* Release */,
			);
			defaultConfigurationIsVisible = 0;
			defaultConfigurationName = Release;
		};
		DC16DF0E24FE998000A40202 /* Build configuration list for PBXNativeTarget "tip" */ = {
			isa = XCConfigurationList;
			buildConfigurations = (
				DC16DF0F24FE998000A40202 /* Debug */,
				DC16DF1024FE998000A40202 /* Release */,
			);
			defaultConfigurationIsVisible = 0;
			defaultConfigurationName = Release;
		};
		DC16DF1124FE998000A40202 /* Build configuration list for PBXNativeTarget "tipTests" */ = {
			isa = XCConfigurationList;
			buildConfigurations = (
				DC16DF1224FE998000A40202 /* Debug */,
				DC16DF1324FE998000A40202 /* Release */,
			);
			defaultConfigurationIsVisible = 0;
			defaultConfigurationName = Release;
		};
		DC16DF1424FE998000A40202 /* Build configuration list for PBXNativeTarget "tipUITests" */ = {
			isa = XCConfigurationList;
			buildConfigurations = (
				DC16DF1524FE998000A40202 /* Debug */,
				DC16DF1624FE998000A40202 /* Release */,
			);
			defaultConfigurationIsVisible = 0;
			defaultConfigurationName = Release;
		};
/* End XCConfigurationList section */
	};
	rootObject = DC16DEDC24FE988400A40202 /* Project object */;
}
